{
  "name": "csv",
  "version": "2.0.0",
  "lockfileVersion": 1,
  "requires": true,
  "dependencies": {
    "coffeescript": {
      "version": "2.2.4",
      "resolved": "https://registry.npmjs.org/coffeescript/-/coffeescript-2.2.4.tgz",
      "integrity": "sha512-YNi3ksTEP8AQBMlwx4TjrcSX7BMKDFaKR0czMhEIUuT8Qz3anwgYucWSYtSMX0QKxAurqq4p7annrHT5qXMaqA==",
      "dev": true
    },
    "csv-generate": {
      "version": "2.0.2",
      "resolved": "https://registry.npmjs.org/csv-generate/-/csv-generate-2.0.2.tgz",
      "integrity": "sha512-oyidhQ/sQcqKOyt+hRnL9oiqFFWsEkOwBE7tEV3pwku6dSuFUQqTGfhYXH/HZ3rKy8xBtcrwsspmXVo+LPijuA=="
    },
    "csv-parse": {
      "version": "2.2.0",
      "resolved": "https://registry.npmjs.org/csv-parse/-/csv-parse-2.2.0.tgz",
      "integrity": "sha512-nNXh61kEIUbTXPWPZbrKlkkylh7BDxffDUWQPWIho+Rog4XWRV8bTR8ZVo8qngzAwbhlvtKFcsaf2hGDV1iF8Q=="
    },
    "csv-stringify": {
      "version": "3.0.0",
      "resolved": "https://registry.npmjs.org/csv-stringify/-/csv-stringify-3.0.0.tgz",
      "integrity": "sha512-My0hdeq8dhDOa68KgsvJzCeK3306TpYffOB5evSG1HBaRf7RzpUgfUkYVsELbfFo9fUsAKtVGFdsdRGjkUuW1A==",
      "requires": {
        "lodash.get": "4.4.2"
      }
    },
    "lodash.get": {
      "version": "4.4.2",
      "resolved": "https://registry.npmjs.org/lodash.get/-/lodash.get-4.4.2.tgz",
      "integrity": "sha1-LRd/ZS+jHpObRDjVNBSZ36OCXpk="
    },
    "stream-transform": {
      "version": "1.0.2",
      "resolved": "https://registry.npmjs.org/stream-transform/-/stream-transform-1.0.2.tgz",
      "integrity": "sha512-LNcZSF01PZ+bM0OqwPY7UHPiKoxSmLGHAcqakvh01DCU98ONEslLORdyBPdmTqjTpZSfCiaYLV4sci9y5M47oA=="
    }
  }
}
